
Microsoft Visual Studio Solution File, Format Version 12.00
# Visual Studio Version 17
VisualStudioVersion = 17.7.34202.233
MinimumVisualStudioVersion = 10.0.40219.1
Project("{FAE04EC0-301F-11D3-BF4B-00C04F79EFBC}") = "S1E5", "S1E5\S1E5.csproj", "{417B76D1-BA9D-4847-8067-BF3925A2C1F5}"
EndProject
Global
	GlobalSection(SolutionConfigurationPlatforms) = preSolution
		Debug|Any CPU = Debug|Any CPU
		Release|Any CPU = Release|Any CPU
	EndGlobalSection
	GlobalSection(ProjectConfigurationPlatforms) = postSolution
		{417B76D1-BA9D-4847-8067-BF3925A2C1F5}.Debug|Any CPU.ActiveCfg = Debug|Any CPU
		{417B76D1-BA9D-4847-8067-BF3925A2C1F5}.Debug|Any CPU.Build.0 = Debug|Any CPU
		{417B76D1-BA9D-4847-8067-BF3925A2C1F5}.Release|Any CPU.ActiveCfg = Release|Any CPU
		{417B76D1-BA9D-4847-8067-BF3925A2C1F5}.Release|Any CPU.Build.0 = Release|Any CPU
	EndGlobalSection
	GlobalSection(SolutionProperties) = preSolution
		HideSolutionNode = FALSE
	EndGlobalSection
	GlobalSection(ExtensibilityGlobals) = postSolution
		SolutionGuid = {7B0FECB7-A118-41C0-A8A9-E052F8BA81D6}
	EndGlobalSection
EndGlobal
