
Microsoft Visual Studio Solution File, Format Version 12.00
# Visual Studio Version 17
VisualStudioVersion = 17.7.34202.233
MinimumVisualStudioVersion = 10.0.40219.1
Project("{FAE04EC0-301F-11D3-BF4B-00C04F79EFBC}") = "S1E14", "S1E14\S1E14.csproj", "{17325D98-B7AF-4ABD-972A-1825BBB7A03A}"
EndProject
Global
	GlobalSection(SolutionConfigurationPlatforms) = preSolution
		Debug|Any CPU = Debug|Any CPU
		Release|Any CPU = Release|Any CPU
	EndGlobalSection
	GlobalSection(ProjectConfigurationPlatforms) = postSolution
		{17325D98-B7AF-4ABD-972A-1825BBB7A03A}.Debug|Any CPU.ActiveCfg = Debug|Any CPU
		{17325D98-B7AF-4ABD-972A-1825BBB7A03A}.Debug|Any CPU.Build.0 = Debug|Any CPU
		{17325D98-B7AF-4ABD-972A-1825BBB7A03A}.Release|Any CPU.ActiveCfg = Release|Any CPU
		{17325D98-B7AF-4ABD-972A-1825BBB7A03A}.Release|Any CPU.Build.0 = Release|Any CPU
	EndGlobalSection
	GlobalSection(SolutionProperties) = preSolution
		HideSolutionNode = FALSE
	EndGlobalSection
	GlobalSection(ExtensibilityGlobals) = postSolution
		SolutionGuid = {D9D48A0F-E1B8-4337-8480-7560EF884C66}
	EndGlobalSection
EndGlobal
