
Microsoft Visual Studio Solution File, Format Version 12.00
# Visual Studio Version 17
VisualStudioVersion = 17.7.34202.233
MinimumVisualStudioVersion = 10.0.40219.1
Project("{FAE04EC0-301F-11D3-BF4B-00C04F79EFBC}") = "S1E21", "S1E21\S1E21.csproj", "{9C498A82-EE79-41E1-A4CA-433DDB16852F}"
EndProject
Global
	GlobalSection(SolutionConfigurationPlatforms) = preSolution
		Debug|Any CPU = Debug|Any CPU
		Release|Any CPU = Release|Any CPU
	EndGlobalSection
	GlobalSection(ProjectConfigurationPlatforms) = postSolution
		{9C498A82-EE79-41E1-A4CA-433DDB16852F}.Debug|Any CPU.ActiveCfg = Debug|Any CPU
		{9C498A82-EE79-41E1-A4CA-433DDB16852F}.Debug|Any CPU.Build.0 = Debug|Any CPU
		{9C498A82-EE79-41E1-A4CA-433DDB16852F}.Release|Any CPU.ActiveCfg = Release|Any CPU
		{9C498A82-EE79-41E1-A4CA-433DDB16852F}.Release|Any CPU.Build.0 = Release|Any CPU
	EndGlobalSection
	GlobalSection(SolutionProperties) = preSolution
		HideSolutionNode = FALSE
	EndGlobalSection
	GlobalSection(ExtensibilityGlobals) = postSolution
		SolutionGuid = {CD9DAD5E-833E-4ED0-B61B-53E5BE98ECB6}
	EndGlobalSection
EndGlobal
