
Microsoft Visual Studio Solution File, Format Version 12.00
# Visual Studio Version 17
VisualStudioVersion = 17.7.34202.233
MinimumVisualStudioVersion = 10.0.40219.1
Project("{FAE04EC0-301F-11D3-BF4B-00C04F79EFBC}") = "S1E2", "S1E2\S1E2.csproj", "{52BA4824-C2EC-4F4B-8139-7737B23E9D79}"
EndProject
Global
	GlobalSection(SolutionConfigurationPlatforms) = preSolution
		Debug|Any CPU = Debug|Any CPU
		Release|Any CPU = Release|Any CPU
	EndGlobalSection
	GlobalSection(ProjectConfigurationPlatforms) = postSolution
		{52BA4824-C2EC-4F4B-8139-7737B23E9D79}.Debug|Any CPU.ActiveCfg = Debug|Any CPU
		{52BA4824-C2EC-4F4B-8139-7737B23E9D79}.Debug|Any CPU.Build.0 = Debug|Any CPU
		{52BA4824-C2EC-4F4B-8139-7737B23E9D79}.Release|Any CPU.ActiveCfg = Release|Any CPU
		{52BA4824-C2EC-4F4B-8139-7737B23E9D79}.Release|Any CPU.Build.0 = Release|Any CPU
	EndGlobalSection
	GlobalSection(SolutionProperties) = preSolution
		HideSolutionNode = FALSE
	EndGlobalSection
	GlobalSection(ExtensibilityGlobals) = postSolution
		SolutionGuid = {1F611EED-2A6F-44E2-A2FA-F74A58CF092C}
	EndGlobalSection
EndGlobal
