
Microsoft Visual Studio Solution File, Format Version 12.00
# Visual Studio Version 17
VisualStudioVersion = 17.7.34202.233
MinimumVisualStudioVersion = 10.0.40219.1
Project("{FAE04EC0-301F-11D3-BF4B-00C04F79EFBC}") = "S1E10", "S1E10\S1E10.csproj", "{C753DB9C-A86E-4934-93C9-4EAB61E56FCE}"
EndProject
Global
	GlobalSection(SolutionConfigurationPlatforms) = preSolution
		Debug|Any CPU = Debug|Any CPU
		Release|Any CPU = Release|Any CPU
	EndGlobalSection
	GlobalSection(ProjectConfigurationPlatforms) = postSolution
		{C753DB9C-A86E-4934-93C9-4EAB61E56FCE}.Debug|Any CPU.ActiveCfg = Debug|Any CPU
		{C753DB9C-A86E-4934-93C9-4EAB61E56FCE}.Debug|Any CPU.Build.0 = Debug|Any CPU
		{C753DB9C-A86E-4934-93C9-4EAB61E56FCE}.Release|Any CPU.ActiveCfg = Release|Any CPU
		{C753DB9C-A86E-4934-93C9-4EAB61E56FCE}.Release|Any CPU.Build.0 = Release|Any CPU
	EndGlobalSection
	GlobalSection(SolutionProperties) = preSolution
		HideSolutionNode = FALSE
	EndGlobalSection
	GlobalSection(ExtensibilityGlobals) = postSolution
		SolutionGuid = {04BF0C00-381E-4F54-9392-22B2D2469737}
	EndGlobalSection
EndGlobal
