
Microsoft Visual Studio Solution File, Format Version 12.00
# Visual Studio Version 17
VisualStudioVersion = 17.7.34202.233
MinimumVisualStudioVersion = 10.0.40219.1
Project("{FAE04EC0-301F-11D3-BF4B-00C04F79EFBC}") = "S1E13", "S1E13\S1E13.csproj", "{1BBE92A2-7DCA-405D-8E7B-CB6CD5DB1772}"
EndProject
Global
	GlobalSection(SolutionConfigurationPlatforms) = preSolution
		Debug|Any CPU = Debug|Any CPU
		Release|Any CPU = Release|Any CPU
	EndGlobalSection
	GlobalSection(ProjectConfigurationPlatforms) = postSolution
		{1BBE92A2-7DCA-405D-8E7B-CB6CD5DB1772}.Debug|Any CPU.ActiveCfg = Debug|Any CPU
		{1BBE92A2-7DCA-405D-8E7B-CB6CD5DB1772}.Debug|Any CPU.Build.0 = Debug|Any CPU
		{1BBE92A2-7DCA-405D-8E7B-CB6CD5DB1772}.Release|Any CPU.ActiveCfg = Release|Any CPU
		{1BBE92A2-7DCA-405D-8E7B-CB6CD5DB1772}.Release|Any CPU.Build.0 = Release|Any CPU
	EndGlobalSection
	GlobalSection(SolutionProperties) = preSolution
		HideSolutionNode = FALSE
	EndGlobalSection
	GlobalSection(ExtensibilityGlobals) = postSolution
		SolutionGuid = {1F3BA83E-2F59-42DD-B017-427D607FAA90}
	EndGlobalSection
EndGlobal
