
Microsoft Visual Studio Solution File, Format Version 12.00
# Visual Studio Version 17
VisualStudioVersion = 17.7.34202.233
MinimumVisualStudioVersion = 10.0.40219.1
Project("{FAE04EC0-301F-11D3-BF4B-00C04F79EFBC}") = "S1E16", "S1E16\S1E16.csproj", "{97564440-3DD0-4F65-8D6F-CD82780F84D8}"
EndProject
Global
	GlobalSection(SolutionConfigurationPlatforms) = preSolution
		Debug|Any CPU = Debug|Any CPU
		Release|Any CPU = Release|Any CPU
	EndGlobalSection
	GlobalSection(ProjectConfigurationPlatforms) = postSolution
		{97564440-3DD0-4F65-8D6F-CD82780F84D8}.Debug|Any CPU.ActiveCfg = Debug|Any CPU
		{97564440-3DD0-4F65-8D6F-CD82780F84D8}.Debug|Any CPU.Build.0 = Debug|Any CPU
		{97564440-3DD0-4F65-8D6F-CD82780F84D8}.Release|Any CPU.ActiveCfg = Release|Any CPU
		{97564440-3DD0-4F65-8D6F-CD82780F84D8}.Release|Any CPU.Build.0 = Release|Any CPU
	EndGlobalSection
	GlobalSection(SolutionProperties) = preSolution
		HideSolutionNode = FALSE
	EndGlobalSection
	GlobalSection(ExtensibilityGlobals) = postSolution
		SolutionGuid = {B42D013B-EA85-4074-B59D-46E09C27DEEF}
	EndGlobalSection
EndGlobal
